{
  "name": "graphql-yoga",
  "lockfileVersion": 2,
  "requires": true,
  "packages": {
    "": {
      "dependencies": {
        "@envelop/graphql-jit": "^6.0.1",
        "graphql-yoga": "^4.0.3"
      }
    },
    "node_modules/@envelop/core": {
      "version": "4.0.0",
      "resolved": "https://registry.npmjs.org/@envelop/core/-/core-4.0.0.tgz",
      "integrity": "sha512-6usEZO86hWT0ZajAbhOX0QXlV++lrlEmu8br6KQVvyXOxttiHADIibgfzb3GtSI7RnnJDnrcRb7Jynv6Lca3iQ==",
      "dependencies": {
        "@envelop/types": "4.0.0",
        "tslib": "^2.5.0"
      },
      "engines": {
        "node": ">=16.0.0"
      }
    },
    "node_modules/@envelop/graphql-jit": {
      "version": "6.0.1",
      "resolved": "https://registry.npmjs.org/@envelop/graphql-jit/-/graphql-jit-6.0.1.tgz",
      "integrity": "sha512-3oZfcLAAQKXnJudyJwwn2ffaFomzaIjtFvh7z8mx+PIiTuAM0wEsOKqfTwVLwZ+WtNktVq+p2hMfu6N+8o+8Ew==",
      "dependencies": {
        "graphql-jit": "^0.8.0",
        "lru-cache": "^10.0.0",
        "tslib": "^2.5.0"
      },
      "engines": {
        "node": ">=16.0.0"
      },
      "peerDependencies": {
        "@envelop/core": "^4.0.0",
        "graphql": "^14.0.0 || ^15.0.0 || ^16.0.0"
      }
    },
    "node_modules/@envelop/types": {
      "version": "4.0.0",
      "resolved": "https://registry.npmjs.org/@envelop/types/-/types-4.0.0.tgz",
      "integrity": "sha512-dmBK16VVfKCkqYYemvE+gt1cPBP0d9CbYO4yjNhSSYy9K+w6+Lw48wOLK238mSR339PNAvwj/JW/qzNy2llggA==",
      "dependencies": {
        "tslib": "^2.5.0"
      },
      "engines": {
        "node": ">=16.0.0"
      }
    },
    "node_modules/@fastify/deepmerge": {
      "version": "1.3.0",
      "resolved": "https://registry.npmjs.org/@fastify/deepmerge/-/deepmerge-1.3.0.tgz",
      "integrity": "sha512-J8TOSBq3SoZbDhM9+R/u77hP93gz/rajSA+K2kGyijPpORPWUXHUpTaleoj+92As0S9uPRP7Oi8IqMf0u+ro6A=="
    },
    "node_modules/@graphql-tools/executor": {
      "version": "1.1.0",
      "resolved": "https://registry.npmjs.org/@graphql-tools/executor/-/executor-1.1.0.tgz",
      "integrity": "sha512-+1wmnaUHETSYxiK/ELsT60x584Rw3QKBB7F/7fJ83HKPnLifmE2Dm/K9Eyt6L0Ppekf1jNUbWBpmBGb8P5hAeg==",
      "dependencies": {
        "@graphql-tools/utils": "^10.0.0",
        "@graphql-typed-document-node/core": "3.2.0",
        "@repeaterjs/repeater": "^3.0.4",
        "tslib": "^2.4.0",
        "value-or-promise": "^1.0.12"
      },
      "engines": {
        "node": ">=16.0.0"
      },
      "peerDependencies": {
        "graphql": "^14.0.0 || ^15.0.0 || ^16.0.0 || ^17.0.0"
      }
    },
    "node_modules/@graphql-tools/merge": {
      "version": "9.0.0",
      "resolved": "https://registry.npmjs.org/@graphql-tools/merge/-/merge-9.0.0.tgz",
      "integrity": "sha512-J7/xqjkGTTwOJmaJQJ2C+VDBDOWJL3lKrHJN4yMaRLAJH3PosB7GiPRaSDZdErs0+F77sH2MKs2haMMkywzx7Q==",
      "dependencies": {
        "@graphql-tools/utils": "^10.0.0",
        "tslib": "^2.4.0"
      },
      "engines": {
        "node": ">=16.0.0"
      },
      "peerDependencies": {
        "graphql": "^14.0.0 || ^15.0.0 || ^16.0.0 || ^17.0.0"
      }
    },
    "node_modules/@graphql-tools/schema": {
      "version": "10.0.0",
      "resolved": "https://registry.npmjs.org/@graphql-tools/schema/-/schema-10.0.0.tgz",
      "integrity": "sha512-kf3qOXMFcMs2f/S8Y3A8fm/2w+GaHAkfr3Gnhh2LOug/JgpY/ywgFVxO3jOeSpSEdoYcDKLcXVjMigNbY4AdQg==",
      "dependencies": {
        "@graphql-tools/merge": "^9.0.0",
        "@graphql-tools/utils": "^10.0.0",
        "tslib": "^2.4.0",
        "value-or-promise": "^1.0.12"
      },
      "engines": {
        "node": ">=16.0.0"
      },
      "peerDependencies": {
        "graphql": "^14.0.0 || ^15.0.0 || ^16.0.0 || ^17.0.0"
      }
    },
    "node_modules/@graphql-tools/utils": {
      "version": "10.0.4",
      "resolved": "https://registry.npmjs.org/@graphql-tools/utils/-/utils-10.0.4.tgz",
      "integrity": "sha512-MF+nZgGROSnFgyOYWhrl2PuJMlIBvaCH48vtnlnDQKSeDc2fUfOzUVloBAQvnYmK9JBmHHks4Pxv25Ybg3r45Q==",
      "dependencies": {
        "@graphql-typed-document-node/core": "^3.1.1",
        "dset": "^3.1.2",
        "tslib": "^2.4.0"
      },
      "engines": {
        "node": ">=16.0.0"
      },
      "peerDependencies": {
        "graphql": "^14.0.0 || ^15.0.0 || ^16.0.0 || ^17.0.0"
      }
    },
    "node_modules/@graphql-typed-document-node/core": {
      "version": "3.2.0",
      "resolved": "https://registry.npmjs.org/@graphql-typed-document-node/core/-/core-3.2.0.tgz",
      "integrity": "sha512-mB9oAsNCm9aM3/SOv4YtBMqZbYj10R7dkq8byBqxGY/ncFwhf2oQzMV+LCRlWoDSEBJ3COiR1yeDvMtsoOsuFQ==",
      "peerDependencies": {
        "graphql": "^0.8.0 || ^0.9.0 || ^0.10.0 || ^0.11.0 || ^0.12.0 || ^0.13.0 || ^14.0.0 || ^15.0.0 || ^16.0.0 || ^17.0.0"
      }
    },
    "node_modules/@graphql-yoga/logger": {
      "version": "1.0.0",
      "resolved": "https://registry.npmjs.org/@graphql-yoga/logger/-/logger-1.0.0.tgz",
      "integrity": "sha512-JYoxwnPggH2BfO+dWlWZkDeFhyFZqaTRGLvFhy+Pjp2UxitEW6nDrw+pEDw/K9tJwMjIFMmTT9VfTqrnESmBHg==",
      "dependencies": {
        "tslib": "^2.5.2"
      },
      "engines": {
        "node": ">=16.0.0"
      }
    },
    "node_modules/@graphql-yoga/subscription": {
      "version": "4.0.0",
      "resolved": "https://registry.npmjs.org/@graphql-yoga/subscription/-/subscription-4.0.0.tgz",
      "integrity": "sha512-0qsN/BPPZNMoC2CZ8i+P6PgiJyHh1H35aKDt37qARBDaIOKDQuvEOq7+4txUKElcmXi7DYFo109FkhSQoEajrg==",
      "dependencies": {
        "@graphql-yoga/typed-event-target": "^2.0.0",
        "@repeaterjs/repeater": "^3.0.4",
        "@whatwg-node/events": "^0.1.0",
        "tslib": "^2.5.2"
      },
      "engines": {
        "node": ">=16.0.0"
      }
    },
    "node_modules/@graphql-yoga/typed-event-target": {
      "version": "2.0.0",
      "resolved": "https://registry.npmjs.org/@graphql-yoga/typed-event-target/-/typed-event-target-2.0.0.tgz",
      "integrity": "sha512-oA/VGxGmaSDym1glOHrltw43qZsFwLLjBwvh57B79UKX/vo3+UQcRgOyE44c5RP7DCYjkrC2tuArZmb6jCzysw==",
      "dependencies": {
        "@repeaterjs/repeater": "^3.0.4",
        "tslib": "^2.5.2"
      },
      "engines": {
        "node": ">=16.0.0"
      }
    },
    "node_modules/@repeaterjs/repeater": {
      "version": "3.0.4",
      "resolved": "https://registry.npmjs.org/@repeaterjs/repeater/-/repeater-3.0.4.tgz",
      "integrity": "sha512-AW8PKd6iX3vAZ0vA43nOUOnbq/X5ihgU+mSXXqunMkeQADGiqw/PY0JNeYtD5sr0PAy51YPgAPbDoeapv9r8WA=="
    },
    "node_modules/@whatwg-node/events": {
      "version": "0.1.1",
      "resolved": "https://registry.npmjs.org/@whatwg-node/events/-/events-0.1.1.tgz",
      "integrity": "sha512-AyQEn5hIPV7Ze+xFoXVU3QTHXVbWPrzaOkxtENMPMuNL6VVHrp4hHfDt9nrQpjO7BgvuM95dMtkycX5M/DZR3w==",
      "engines": {
        "node": ">=16.0.0"
      }
    },
    "node_modules/@whatwg-node/fetch": {
      "version": "0.9.9",
      "resolved": "https://registry.npmjs.org/@whatwg-node/fetch/-/fetch-0.9.9.tgz",
      "integrity": "sha512-OTVoDm039CNyAWSRc2WBimMl/N9J4Fk2le21Xzcf+3OiWPNNSIbMnpWKBUyraPh2d9SAEgoBdQxTfVNihXgiUw==",
      "dependencies": {
        "@whatwg-node/node-fetch": "^0.4.8",
        "urlpattern-polyfill": "^9.0.0"
      },
      "engines": {
        "node": ">=16.0.0"
      }
    },
    "node_modules/@whatwg-node/node-fetch": {
      "version": "0.4.12",
      "resolved": "https://registry.npmjs.org/@whatwg-node/node-fetch/-/node-fetch-0.4.12.tgz",
      "integrity": "sha512-QpWoupgFXtQQ6nFhWcQHfLCT8ZMay8AV20iFBnc4MBWgPopR1AylbPuF+XYGGffcIADwF0byCH6a4p1CjvGhlQ==",
      "dependencies": {
        "@whatwg-node/events": "^0.1.0",
        "busboy": "^1.6.0",
        "fast-querystring": "^1.1.1",
        "fast-url-parser": "^1.1.3",
        "tslib": "^2.3.1"
      },
      "engines": {
        "node": ">=16.0.0"
      }
    },
    "node_modules/@whatwg-node/server": {
      "version": "0.9.9",
      "resolved": "https://registry.npmjs.org/@whatwg-node/server/-/server-0.9.9.tgz",
      "integrity": "sha512-ciD7qk+QqJ9KaWns+nEeYmjso6ouZxXvurzsV4ly0Nbyo/eKZ/w6w4xfyHaA8tqsaq/6MbSZBQu/Mtg19idyxg==",
      "dependencies": {
        "@whatwg-node/fetch": "^0.9.7",
        "tslib": "^2.3.1"
      },
      "engines": {
        "node": ">=16.0.0"
      }
    },
    "node_modules/ajv": {
      "version": "8.12.0",
      "resolved": "https://registry.npmjs.org/ajv/-/ajv-8.12.0.tgz",
      "integrity": "sha512-sRu1kpcO9yLtYxBKvqfTeh9KzZEwO3STyX1HT+4CaDzC6HpTGYhIhPIzj9XuKU7KYDwnaeh5hcOwjy1QuJzBPA==",
      "dependencies": {
        "fast-deep-equal": "^3.1.1",
        "json-schema-traverse": "^1.0.0",
        "require-from-string": "^2.0.2",
        "uri-js": "^4.2.2"
      },
      "funding": {
        "type": "github",
        "url": "https://github.com/sponsors/epoberezkin"
      }
    },
    "node_modules/ajv-formats": {
      "version": "2.1.1",
      "resolved": "https://registry.npmjs.org/ajv-formats/-/ajv-formats-2.1.1.tgz",
      "integrity": "sha512-Wx0Kx52hxE7C18hkMEggYlEifqWZtYaRgouJor+WMdPnQyEK13vgEWyVNup7SoeeoLMsr4kf5h6dOW11I15MUA==",
      "dependencies": {
        "ajv": "^8.0.0"
      },
      "peerDependencies": {
        "ajv": "^8.0.0"
      },
      "peerDependenciesMeta": {
        "ajv": {
          "optional": true
        }
      }
    },
    "node_modules/busboy": {
      "version": "1.6.0",
      "resolved": "https://registry.npmjs.org/busboy/-/busboy-1.6.0.tgz",
      "integrity": "sha512-8SFQbg/0hQ9xy3UNTB0YEnsNBbWfhf7RtnzpL7TkBiTBRfrQ9Fxcnz7VJsleJpyp6rVLvXiuORqjlHi5q+PYuA==",
      "dependencies": {
        "streamsearch": "^1.1.0"
      },
      "engines": {
        "node": ">=10.16.0"
      }
    },
    "node_modules/dset": {
      "version": "3.1.2",
      "resolved": "https://registry.npmjs.org/dset/-/dset-3.1.2.tgz",
      "integrity": "sha512-g/M9sqy3oHe477Ar4voQxWtaPIFw1jTdKZuomOjhCcBx9nHUNn0pu6NopuFFrTh/TRZIKEj+76vLWFu9BNKk+Q==",
      "engines": {
        "node": ">=4"
      }
    },
    "node_modules/fast-decode-uri-component": {
      "version": "1.0.1",
      "resolved": "https://registry.npmjs.org/fast-decode-uri-component/-/fast-decode-uri-component-1.0.1.tgz",
      "integrity": "sha512-WKgKWg5eUxvRZGwW8FvfbaH7AXSh2cL+3j5fMGzUMCxWBJ3dV3a7Wz8y2f/uQ0e3B6WmodD3oS54jTQ9HVTIIg=="
    },
    "node_modules/fast-deep-equal": {
      "version": "3.1.3",
      "resolved": "https://registry.npmjs.org/fast-deep-equal/-/fast-deep-equal-3.1.3.tgz",
      "integrity": "sha512-f3qQ9oQy9j2AhBe/H9VC91wLmKBCCU/gDOnKNAYG5hswO7BLKj09Hc5HYNz9cGI++xlpDCIgDaitVs03ATR84Q=="
    },
    "node_modules/fast-json-stringify": {
      "version": "5.8.0",
      "resolved": "https://registry.npmjs.org/fast-json-stringify/-/fast-json-stringify-5.8.0.tgz",
      "integrity": "sha512-VVwK8CFMSALIvt14U8AvrSzQAwN/0vaVRiFFUVlpnXSnDGrSkOAO5MtzyN8oQNjLd5AqTW5OZRgyjoNuAuR3jQ==",
      "dependencies": {
        "@fastify/deepmerge": "^1.0.0",
        "ajv": "^8.10.0",
        "ajv-formats": "^2.1.1",
        "fast-deep-equal": "^3.1.3",
        "fast-uri": "^2.1.0",
        "rfdc": "^1.2.0"
      }
    },
    "node_modules/fast-querystring": {
      "version": "1.1.2",
      "resolved": "https://registry.npmjs.org/fast-querystring/-/fast-querystring-1.1.2.tgz",
      "integrity": "sha512-g6KuKWmFXc0fID8WWH0jit4g0AGBoJhCkJMb1RmbsSEUNvQ+ZC8D6CUZ+GtF8nMzSPXnhiePyyqqipzNNEnHjg==",
      "dependencies": {
        "fast-decode-uri-component": "^1.0.1"
      }
    },
    "node_modules/fast-uri": {
      "version": "2.2.0",
      "resolved": "https://registry.npmjs.org/fast-uri/-/fast-uri-2.2.0.tgz",
      "integrity": "sha512-cIusKBIt/R/oI6z/1nyfe2FvGKVTohVRfvkOhvx0nCEW+xf5NoCXjAHcWp93uOUBchzYcsvPlrapAdX1uW+YGg=="
    },
    "node_modules/fast-url-parser": {
      "version": "1.1.3",
      "resolved": "https://registry.npmjs.org/fast-url-parser/-/fast-url-parser-1.1.3.tgz",
      "integrity": "sha512-5jOCVXADYNuRkKFzNJ0dCCewsZiYo0dz8QNYljkOpFC6r2U4OBmKtvm/Tsuh4w1YYdDqDb31a8TVhBJ2OJKdqQ==",
      "dependencies": {
        "punycode": "^1.3.2"
      }
    },
    "node_modules/generate-function": {
      "version": "2.3.1",
      "resolved": "https://registry.npmjs.org/generate-function/-/generate-function-2.3.1.tgz",
      "integrity": "sha512-eeB5GfMNeevm/GRYq20ShmsaGcmI81kIX2K9XQx5miC8KdHaC6Jm0qQ8ZNeGOi7wYB8OsdxKs+Y2oVuTFuVwKQ==",
      "dependencies": {
        "is-property": "^1.0.2"
      }
    },
    "node_modules/graphql": {
      "version": "16.7.1",
      "resolved": "https://registry.npmjs.org/graphql/-/graphql-16.7.1.tgz",
      "integrity": "sha512-DRYR9tf+UGU0KOsMcKAlXeFfX89UiiIZ0dRU3mR0yJfu6OjZqUcp68NnFLnqQU5RexygFoDy1EW+ccOYcPfmHg==",
      "peer": true,
      "engines": {
        "node": "^12.22.0 || ^14.16.0 || ^16.0.0 || >=17.0.0"
      }
    },
    "node_modules/graphql-jit": {
      "version": "0.8.4",
      "resolved": "https://registry.npmjs.org/graphql-jit/-/graphql-jit-0.8.4.tgz",
      "integrity": "sha512-4KRrJ1ROy3Usgbl3eAoUMfdfZCRjkcw9cCGT7QwTUIHm9dPGaSaldxzGUttyjErU0rsYEb6WWyb6mMh5r6lEoQ==",
      "dependencies": {
        "@graphql-typed-document-node/core": "^3.2.0",
        "fast-json-stringify": "^5.7.0",
        "generate-function": "^2.3.1",
        "lodash.memoize": "^4.1.2",
        "lodash.merge": "4.6.2",
        "lodash.mergewith": "4.6.2"
      },
      "peerDependencies": {
        "graphql": ">=15"
      }
    },
    "node_modules/graphql-yoga": {
      "version": "4.0.3",
      "resolved": "https://registry.npmjs.org/graphql-yoga/-/graphql-yoga-4.0.3.tgz",
      "integrity": "sha512-MP+v+yxCqM3lXg95vaA+kXjyRvyRxHUlgZryTecN7ugzEEnyQKKu8JBXA4ziEuLi3liRriyjCAyV4pqFzhHujA==",
      "dependencies": {
        "@envelop/core": "^4.0.0",
        "@graphql-tools/executor": "^1.0.0",
        "@graphql-tools/schema": "^10.0.0",
        "@graphql-tools/utils": "^10.0.0",
        "@graphql-yoga/logger": "^1.0.0",
        "@graphql-yoga/subscription": "^4.0.0",
        "@whatwg-node/fetch": "^0.9.7",
        "@whatwg-node/server": "^0.9.1",
        "dset": "^3.1.1",
        "lru-cache": "^10.0.0",
        "tslib": "^2.5.2"
      },
      "engines": {
        "node": ">=16.0.0"
      },
      "peerDependencies": {
        "graphql": "^15.2.0 || ^16.0.0"
      }
    },
    "node_modules/is-property": {
      "version": "1.0.2",
      "resolved": "https://registry.npmjs.org/is-property/-/is-property-1.0.2.tgz",
      "integrity": "sha512-Ks/IoX00TtClbGQr4TWXemAnktAQvYB7HzcCxDGqEZU6oCmb2INHuOoKxbtR+HFkmYWBKv/dOZtGRiAjDhj92g=="
    },
    "node_modules/json-schema-traverse": {
      "version": "1.0.0",
      "resolved": "https://registry.npmjs.org/json-schema-traverse/-/json-schema-traverse-1.0.0.tgz",
      "integrity": "sha512-NM8/P9n3XjXhIZn1lLhkFaACTOURQXjWhV4BA/RnOv8xvgqtqpAX9IO4mRQxSx1Rlo4tqzeqb0sOlruaOy3dug=="
    },
    "node_modules/lodash.memoize": {
      "version": "4.1.2",
      "resolved": "https://registry.npmjs.org/lodash.memoize/-/lodash.memoize-4.1.2.tgz",
      "integrity": "sha512-t7j+NzmgnQzTAYXcsHYLgimltOV1MXHtlOWf6GjL9Kj8GK5FInw5JotxvbOs+IvV1/Dzo04/fCGfLVs7aXb4Ag=="
    },
    "node_modules/lodash.merge": {
      "version": "4.6.2",
      "resolved": "https://registry.npmjs.org/lodash.merge/-/lodash.merge-4.6.2.tgz",
      "integrity": "sha512-0KpjqXRVvrYyCsX1swR/XTK0va6VQkQM6MNo7PqW77ByjAhoARA8EfrP1N4+KlKj8YS0ZUCtRT/YUuhyYDujIQ=="
    },
    "node_modules/lodash.mergewith": {
      "version": "4.6.2",
      "resolved": "https://registry.npmjs.org/lodash.mergewith/-/lodash.mergewith-4.6.2.tgz",
      "integrity": "sha512-GK3g5RPZWTRSeLSpgP8Xhra+pnjBC56q9FZYe1d5RN3TJ35dbkGy3YqBSMbyCrlbi+CM9Z3Jk5yTL7RCsqboyQ=="
    },
    "node_modules/lru-cache": {
      "version": "10.0.0",
      "resolved": "https://registry.npmjs.org/lru-cache/-/lru-cache-10.0.0.tgz",
      "integrity": "sha512-svTf/fzsKHffP42sujkO/Rjs37BCIsQVRCeNYIm9WN8rgT7ffoUnRtZCqU+6BqcSBdv8gwJeTz8knJpgACeQMw==",
      "engines": {
        "node": "14 || >=16.14"
      }
    },
    "node_modules/punycode": {
      "version": "1.4.1",
      "resolved": "https://registry.npmjs.org/punycode/-/punycode-1.4.1.tgz",
      "integrity": "sha512-jmYNElW7yvO7TV33CjSmvSiE2yco3bV2czu/OzDKdMNVZQWfxCblURLhf+47syQRBntjfLdd/H0egrzIG+oaFQ=="
    },
    "node_modules/require-from-string": {
      "version": "2.0.2",
      "resolved": "https://registry.npmjs.org/require-from-string/-/require-from-string-2.0.2.tgz",
      "integrity": "sha512-Xf0nWe6RseziFMu+Ap9biiUbmplq6S9/p+7w7YXP/JBHhrUDDUhwa+vANyubuqfZWTveU//DYVGsDG7RKL/vEw==",
      "engines": {
        "node": ">=0.10.0"
      }
    },
    "node_modules/rfdc": {
      "version": "1.3.0",
      "resolved": "https://registry.npmjs.org/rfdc/-/rfdc-1.3.0.tgz",
      "integrity": "sha512-V2hovdzFbOi77/WajaSMXk2OLm+xNIeQdMMuB7icj7bk6zi2F8GGAxigcnDFpJHbNyNcgyJDiP+8nOrY5cZGrA=="
    },
    "node_modules/streamsearch": {
      "version": "1.1.0",
      "resolved": "https://registry.npmjs.org/streamsearch/-/streamsearch-1.1.0.tgz",
      "integrity": "sha512-Mcc5wHehp9aXz1ax6bZUyY5afg9u2rv5cqQI3mRrYkGC8rW2hM02jWuwjtL++LS5qinSyhj2QfLyNsuc+VsExg==",
      "engines": {
        "node": ">=10.0.0"
      }
    },
    "node_modules/tslib": {
      "version": "2.6.1",
      "resolved": "https://registry.npmjs.org/tslib/-/tslib-2.6.1.tgz",
      "integrity": "sha512-t0hLfiEKfMUoqhG+U1oid7Pva4bbDPHYfJNiB7BiIjRkj1pyC++4N3huJfqY6aRH6VTB0rvtzQwjM4K6qpfOig=="
    },
    "node_modules/uri-js": {
      "version": "4.4.1",
      "resolved": "https://registry.npmjs.org/uri-js/-/uri-js-4.4.1.tgz",
      "integrity": "sha512-7rKUyy33Q1yc98pQ1DAmLtwX109F7TIfWlW1Ydo8Wl1ii1SeHieeh0HHfPeL2fMXK6z0s8ecKs9frCuLJvndBg==",
      "dependencies": {
        "punycode": "^2.1.0"
      }
    },
    "node_modules/uri-js/node_modules/punycode": {
      "version": "2.3.0",
      "resolved": "https://registry.npmjs.org/punycode/-/punycode-2.3.0.tgz",
      "integrity": "sha512-rRV+zQD8tVFys26lAGR9WUuS4iUAngJScM+ZRSKtvl5tKeZ2t5bvdNFdNHBW9FWR4guGHlgmsZ1G7BSm2wTbuA==",
      "engines": {
        "node": ">=6"
      }
    },
    "node_modules/urlpattern-polyfill": {
      "version": "9.0.0",
      "resolved": "https://registry.npmjs.org/urlpattern-polyfill/-/urlpattern-polyfill-9.0.0.tgz",
      "integrity": "sha512-WHN8KDQblxd32odxeIgo83rdVDE2bvdkb86it7bMhYZwWKJz0+O0RK/eZiHYnM+zgt/U7hAHOlCQGfjjvSkw2g=="
    },
    "node_modules/value-or-promise": {
      "version": "1.0.12",
      "resolved": "https://registry.npmjs.org/value-or-promise/-/value-or-promise-1.0.12.tgz",
      "integrity": "sha512-Z6Uz+TYwEqE7ZN50gwn+1LCVo9ZVrpxRPOhOLnncYkY1ZzOYtrX8Fwf/rFktZ8R5mJms6EZf5TqNOMeZmnPq9Q==",
      "engines": {
        "node": ">=12"
      }
    }
  },
  "dependencies": {
    "@envelop/core": {
      "version": "4.0.0",
      "resolved": "https://registry.npmjs.org/@envelop/core/-/core-4.0.0.tgz",
      "integrity": "sha512-6usEZO86hWT0ZajAbhOX0QXlV++lrlEmu8br6KQVvyXOxttiHADIibgfzb3GtSI7RnnJDnrcRb7Jynv6Lca3iQ==",
      "requires": {
        "@envelop/types": "4.0.0",
        "tslib": "^2.5.0"
      }
    },
    "@envelop/graphql-jit": {
      "version": "6.0.1",
      "resolved": "https://registry.npmjs.org/@envelop/graphql-jit/-/graphql-jit-6.0.1.tgz",
      "integrity": "sha512-3oZfcLAAQKXnJudyJwwn2ffaFomzaIjtFvh7z8mx+PIiTuAM0wEsOKqfTwVLwZ+WtNktVq+p2hMfu6N+8o+8Ew==",
      "requires": {
        "graphql-jit": "^0.8.0",
        "lru-cache": "^10.0.0",
        "tslib": "^2.5.0"
      }
    },
    "@envelop/types": {
      "version": "4.0.0",
      "resolved": "https://registry.npmjs.org/@envelop/types/-/types-4.0.0.tgz",
      "integrity": "sha512-dmBK16VVfKCkqYYemvE+gt1cPBP0d9CbYO4yjNhSSYy9K+w6+Lw48wOLK238mSR339PNAvwj/JW/qzNy2llggA==",
      "requires": {
        "tslib": "^2.5.0"
      }
    },
    "@fastify/deepmerge": {
      "version": "1.3.0",
      "resolved": "https://registry.npmjs.org/@fastify/deepmerge/-/deepmerge-1.3.0.tgz",
      "integrity": "sha512-J8TOSBq3SoZbDhM9+R/u77hP93gz/rajSA+K2kGyijPpORPWUXHUpTaleoj+92As0S9uPRP7Oi8IqMf0u+ro6A=="
    },
    "@graphql-tools/executor": {
      "version": "1.1.0",
      "resolved": "https://registry.npmjs.org/@graphql-tools/executor/-/executor-1.1.0.tgz",
      "integrity": "sha512-+1wmnaUHETSYxiK/ELsT60x584Rw3QKBB7F/7fJ83HKPnLifmE2Dm/K9Eyt6L0Ppekf1jNUbWBpmBGb8P5hAeg==",
      "requires": {
        "@graphql-tools/utils": "^10.0.0",
        "@graphql-typed-document-node/core": "3.2.0",
        "@repeaterjs/repeater": "^3.0.4",
        "tslib": "^2.4.0",
        "value-or-promise": "^1.0.12"
      }
    },
    "@graphql-tools/merge": {
      "version": "9.0.0",
      "resolved": "https://registry.npmjs.org/@graphql-tools/merge/-/merge-9.0.0.tgz",
      "integrity": "sha512-J7/xqjkGTTwOJmaJQJ2C+VDBDOWJL3lKrHJN4yMaRLAJH3PosB7GiPRaSDZdErs0+F77sH2MKs2haMMkywzx7Q==",
      "requires": {
        "@graphql-tools/utils": "^10.0.0",
        "tslib": "^2.4.0"
      }
    },
    "@graphql-tools/schema": {
      "version": "10.0.0",
      "resolved": "https://registry.npmjs.org/@graphql-tools/schema/-/schema-10.0.0.tgz",
      "integrity": "sha512-kf3qOXMFcMs2f/S8Y3A8fm/2w+GaHAkfr3Gnhh2LOug/JgpY/ywgFVxO3jOeSpSEdoYcDKLcXVjMigNbY4AdQg==",
      "requires": {
        "@graphql-tools/merge": "^9.0.0",
        "@graphql-tools/utils": "^10.0.0",
        "tslib": "^2.4.0",
        "value-or-promise": "^1.0.12"
      }
    },
    "@graphql-tools/utils": {
      "version": "10.0.4",
      "resolved": "https://registry.npmjs.org/@graphql-tools/utils/-/utils-10.0.4.tgz",
      "integrity": "sha512-MF+nZgGROSnFgyOYWhrl2PuJMlIBvaCH48vtnlnDQKSeDc2fUfOzUVloBAQvnYmK9JBmHHks4Pxv25Ybg3r45Q==",
      "requires": {
        "@graphql-typed-document-node/core": "^3.1.1",
        "dset": "^3.1.2",
        "tslib": "^2.4.0"
      }
    },
    "@graphql-typed-document-node/core": {
      "version": "3.2.0",
      "resolved": "https://registry.npmjs.org/@graphql-typed-document-node/core/-/core-3.2.0.tgz",
      "integrity": "sha512-mB9oAsNCm9aM3/SOv4YtBMqZbYj10R7dkq8byBqxGY/ncFwhf2oQzMV+LCRlWoDSEBJ3COiR1yeDvMtsoOsuFQ==",
      "requires": {}
    },
    "@graphql-yoga/logger": {
      "version": "1.0.0",
      "resolved": "https://registry.npmjs.org/@graphql-yoga/logger/-/logger-1.0.0.tgz",
      "integrity": "sha512-JYoxwnPggH2BfO+dWlWZkDeFhyFZqaTRGLvFhy+Pjp2UxitEW6nDrw+pEDw/K9tJwMjIFMmTT9VfTqrnESmBHg==",
      "requires": {
        "tslib": "^2.5.2"
      }
    },
    "@graphql-yoga/subscription": {
      "version": "4.0.0",
      "resolved": "https://registry.npmjs.org/@graphql-yoga/subscription/-/subscription-4.0.0.tgz",
      "integrity": "sha512-0qsN/BPPZNMoC2CZ8i+P6PgiJyHh1H35aKDt37qARBDaIOKDQuvEOq7+4txUKElcmXi7DYFo109FkhSQoEajrg==",
      "requires": {
        "@graphql-yoga/typed-event-target": "^2.0.0",
        "@repeaterjs/repeater": "^3.0.4",
        "@whatwg-node/events": "^0.1.0",
        "tslib": "^2.5.2"
      }
    },
    "@graphql-yoga/typed-event-target": {
      "version": "2.0.0",
      "resolved": "https://registry.npmjs.org/@graphql-yoga/typed-event-target/-/typed-event-target-2.0.0.tgz",
      "integrity": "sha512-oA/VGxGmaSDym1glOHrltw43qZsFwLLjBwvh57B79UKX/vo3+UQcRgOyE44c5RP7DCYjkrC2tuArZmb6jCzysw==",
      "requires": {
        "@repeaterjs/repeater": "^3.0.4",
        "tslib": "^2.5.2"
      }
    },
    "@repeaterjs/repeater": {
      "version": "3.0.4",
      "resolved": "https://registry.npmjs.org/@repeaterjs/repeater/-/repeater-3.0.4.tgz",
      "integrity": "sha512-AW8PKd6iX3vAZ0vA43nOUOnbq/X5ihgU+mSXXqunMkeQADGiqw/PY0JNeYtD5sr0PAy51YPgAPbDoeapv9r8WA=="
    },
    "@whatwg-node/events": {
      "version": "0.1.1",
      "resolved": "https://registry.npmjs.org/@whatwg-node/events/-/events-0.1.1.tgz",
      "integrity": "sha512-AyQEn5hIPV7Ze+xFoXVU3QTHXVbWPrzaOkxtENMPMuNL6VVHrp4hHfDt9nrQpjO7BgvuM95dMtkycX5M/DZR3w=="
    },
    "@whatwg-node/fetch": {
      "version": "0.9.9",
      "resolved": "https://registry.npmjs.org/@whatwg-node/fetch/-/fetch-0.9.9.tgz",
      "integrity": "sha512-OTVoDm039CNyAWSRc2WBimMl/N9J4Fk2le21Xzcf+3OiWPNNSIbMnpWKBUyraPh2d9SAEgoBdQxTfVNihXgiUw==",
      "requires": {
        "@whatwg-node/node-fetch": "^0.4.8",
        "urlpattern-polyfill": "^9.0.0"
      }
    },
    "@whatwg-node/node-fetch": {
      "version": "0.4.12",
      "resolved": "https://registry.npmjs.org/@whatwg-node/node-fetch/-/node-fetch-0.4.12.tgz",
      "integrity": "sha512-QpWoupgFXtQQ6nFhWcQHfLCT8ZMay8AV20iFBnc4MBWgPopR1AylbPuF+XYGGffcIADwF0byCH6a4p1CjvGhlQ==",
      "requires": {
        "@whatwg-node/events": "^0.1.0",
        "busboy": "^1.6.0",
        "fast-querystring": "^1.1.1",
        "fast-url-parser": "^1.1.3",
        "tslib": "^2.3.1"
      }
    },
    "@whatwg-node/server": {
      "version": "0.9.9",
      "resolved": "https://registry.npmjs.org/@whatwg-node/server/-/server-0.9.9.tgz",
      "integrity": "sha512-ciD7qk+QqJ9KaWns+nEeYmjso6ouZxXvurzsV4ly0Nbyo/eKZ/w6w4xfyHaA8tqsaq/6MbSZBQu/Mtg19idyxg==",
      "requires": {
        "@whatwg-node/fetch": "^0.9.7",
        "tslib": "^2.3.1"
      }
    },
    "ajv": {
      "version": "8.12.0",
      "resolved": "https://registry.npmjs.org/ajv/-/ajv-8.12.0.tgz",
      "integrity": "sha512-sRu1kpcO9yLtYxBKvqfTeh9KzZEwO3STyX1HT+4CaDzC6HpTGYhIhPIzj9XuKU7KYDwnaeh5hcOwjy1QuJzBPA==",
      "requires": {
        "fast-deep-equal": "^3.1.1",
        "json-schema-traverse": "^1.0.0",
        "require-from-string": "^2.0.2",
        "uri-js": "^4.2.2"
      }
    },
    "ajv-formats": {
      "version": "2.1.1",
      "resolved": "https://registry.npmjs.org/ajv-formats/-/ajv-formats-2.1.1.tgz",
      "integrity": "sha512-Wx0Kx52hxE7C18hkMEggYlEifqWZtYaRgouJor+WMdPnQyEK13vgEWyVNup7SoeeoLMsr4kf5h6dOW11I15MUA==",
      "requires": {
        "ajv": "^8.0.0"
      }
    },
    "busboy": {
      "version": "1.6.0",
      "resolved": "https://registry.npmjs.org/busboy/-/busboy-1.6.0.tgz",
      "integrity": "sha512-8SFQbg/0hQ9xy3UNTB0YEnsNBbWfhf7RtnzpL7TkBiTBRfrQ9Fxcnz7VJsleJpyp6rVLvXiuORqjlHi5q+PYuA==",
      "requires": {
        "streamsearch": "^1.1.0"
      }
    },
    "dset": {
      "version": "3.1.2",
      "resolved": "https://registry.npmjs.org/dset/-/dset-3.1.2.tgz",
      "integrity": "sha512-g/M9sqy3oHe477Ar4voQxWtaPIFw1jTdKZuomOjhCcBx9nHUNn0pu6NopuFFrTh/TRZIKEj+76vLWFu9BNKk+Q=="
    },
    "fast-decode-uri-component": {
      "version": "1.0.1",
      "resolved": "https://registry.npmjs.org/fast-decode-uri-component/-/fast-decode-uri-component-1.0.1.tgz",
      "integrity": "sha512-WKgKWg5eUxvRZGwW8FvfbaH7AXSh2cL+3j5fMGzUMCxWBJ3dV3a7Wz8y2f/uQ0e3B6WmodD3oS54jTQ9HVTIIg=="
    },
    "fast-deep-equal": {
      "version": "3.1.3",
      "resolved": "https://registry.npmjs.org/fast-deep-equal/-/fast-deep-equal-3.1.3.tgz",
      "integrity": "sha512-f3qQ9oQy9j2AhBe/H9VC91wLmKBCCU/gDOnKNAYG5hswO7BLKj09Hc5HYNz9cGI++xlpDCIgDaitVs03ATR84Q=="
    },
    "fast-json-stringify": {
      "version": "5.8.0",
      "resolved": "https://registry.npmjs.org/fast-json-stringify/-/fast-json-stringify-5.8.0.tgz",
      "integrity": "sha512-VVwK8CFMSALIvt14U8AvrSzQAwN/0vaVRiFFUVlpnXSnDGrSkOAO5MtzyN8oQNjLd5AqTW5OZRgyjoNuAuR3jQ==",
      "requires": {
        "@fastify/deepmerge": "^1.0.0",
        "ajv": "^8.10.0",
        "ajv-formats": "^2.1.1",
        "fast-deep-equal": "^3.1.3",
        "fast-uri": "^2.1.0",
        "rfdc": "^1.2.0"
      }
    },
    "fast-querystring": {
      "version": "1.1.2",
      "resolved": "https://registry.npmjs.org/fast-querystring/-/fast-querystring-1.1.2.tgz",
      "integrity": "sha512-g6KuKWmFXc0fID8WWH0jit4g0AGBoJhCkJMb1RmbsSEUNvQ+ZC8D6CUZ+GtF8nMzSPXnhiePyyqqipzNNEnHjg==",
      "requires": {
        "fast-decode-uri-component": "^1.0.1"
      }
    },
    "fast-uri": {
      "version": "2.2.0",
      "resolved": "https://registry.npmjs.org/fast-uri/-/fast-uri-2.2.0.tgz",
      "integrity": "sha512-cIusKBIt/R/oI6z/1nyfe2FvGKVTohVRfvkOhvx0nCEW+xf5NoCXjAHcWp93uOUBchzYcsvPlrapAdX1uW+YGg=="
    },
    "fast-url-parser": {
      "version": "1.1.3",
      "resolved": "https://registry.npmjs.org/fast-url-parser/-/fast-url-parser-1.1.3.tgz",
      "integrity": "sha512-5jOCVXADYNuRkKFzNJ0dCCewsZiYo0dz8QNYljkOpFC6r2U4OBmKtvm/Tsuh4w1YYdDqDb31a8TVhBJ2OJKdqQ==",
      "requires": {
        "punycode": "^1.3.2"
      }
    },
    "generate-function": {
      "version": "2.3.1",
      "resolved": "https://registry.npmjs.org/generate-function/-/generate-function-2.3.1.tgz",
      "integrity": "sha512-eeB5GfMNeevm/GRYq20ShmsaGcmI81kIX2K9XQx5miC8KdHaC6Jm0qQ8ZNeGOi7wYB8OsdxKs+Y2oVuTFuVwKQ==",
      "requires": {
        "is-property": "^1.0.2"
      }
    },
    "graphql": {
      "version": "16.7.1",
      "resolved": "https://registry.npmjs.org/graphql/-/graphql-16.7.1.tgz",
      "integrity": "sha512-DRYR9tf+UGU0KOsMcKAlXeFfX89UiiIZ0dRU3mR0yJfu6OjZqUcp68NnFLnqQU5RexygFoDy1EW+ccOYcPfmHg==",
      "peer": true
    },
    "graphql-jit": {
      "version": "0.8.4",
      "resolved": "https://registry.npmjs.org/graphql-jit/-/graphql-jit-0.8.4.tgz",
      "integrity": "sha512-4KRrJ1ROy3Usgbl3eAoUMfdfZCRjkcw9cCGT7QwTUIHm9dPGaSaldxzGUttyjErU0rsYEb6WWyb6mMh5r6lEoQ==",
      "requires": {
        "@graphql-typed-document-node/core": "^3.2.0",
        "fast-json-stringify": "^5.7.0",
        "generate-function": "^2.3.1",
        "lodash.memoize": "^4.1.2",
        "lodash.merge": "4.6.2",
        "lodash.mergewith": "4.6.2"
      }
    },
    "graphql-yoga": {
      "version": "4.0.3",
      "resolved": "https://registry.npmjs.org/graphql-yoga/-/graphql-yoga-4.0.3.tgz",
      "integrity": "sha512-MP+v+yxCqM3lXg95vaA+kXjyRvyRxHUlgZryTecN7ugzEEnyQKKu8JBXA4ziEuLi3liRriyjCAyV4pqFzhHujA==",
      "requires": {
        "@envelop/core": "^4.0.0",
        "@graphql-tools/executor": "^1.0.0",
        "@graphql-tools/schema": "^10.0.0",
        "@graphql-tools/utils": "^10.0.0",
        "@graphql-yoga/logger": "^1.0.0",
        "@graphql-yoga/subscription": "^4.0.0",
        "@whatwg-node/fetch": "^0.9.7",
        "@whatwg-node/server": "^0.9.1",
        "dset": "^3.1.1",
        "lru-cache": "^10.0.0",
        "tslib": "^2.5.2"
      }
    },
    "is-property": {
      "version": "1.0.2",
      "resolved": "https://registry.npmjs.org/is-property/-/is-property-1.0.2.tgz",
      "integrity": "sha512-Ks/IoX00TtClbGQr4TWXemAnktAQvYB7HzcCxDGqEZU6oCmb2INHuOoKxbtR+HFkmYWBKv/dOZtGRiAjDhj92g=="
    },
    "json-schema-traverse": {
      "version": "1.0.0",
      "resolved": "https://registry.npmjs.org/json-schema-traverse/-/json-schema-traverse-1.0.0.tgz",
      "integrity": "sha512-NM8/P9n3XjXhIZn1lLhkFaACTOURQXjWhV4BA/RnOv8xvgqtqpAX9IO4mRQxSx1Rlo4tqzeqb0sOlruaOy3dug=="
    },
    "lodash.memoize": {
      "version": "4.1.2",
      "resolved": "https://registry.npmjs.org/lodash.memoize/-/lodash.memoize-4.1.2.tgz",
      "integrity": "sha512-t7j+NzmgnQzTAYXcsHYLgimltOV1MXHtlOWf6GjL9Kj8GK5FInw5JotxvbOs+IvV1/Dzo04/fCGfLVs7aXb4Ag=="
    },
    "lodash.merge": {
      "version": "4.6.2",
      "resolved": "https://registry.npmjs.org/lodash.merge/-/lodash.merge-4.6.2.tgz",
      "integrity": "sha512-0KpjqXRVvrYyCsX1swR/XTK0va6VQkQM6MNo7PqW77ByjAhoARA8EfrP1N4+KlKj8YS0ZUCtRT/YUuhyYDujIQ=="
    },
    "lodash.mergewith": {
      "version": "4.6.2",
      "resolved": "https://registry.npmjs.org/lodash.mergewith/-/lodash.mergewith-4.6.2.tgz",
      "integrity": "sha512-GK3g5RPZWTRSeLSpgP8Xhra+pnjBC56q9FZYe1d5RN3TJ35dbkGy3YqBSMbyCrlbi+CM9Z3Jk5yTL7RCsqboyQ=="
    },
    "lru-cache": {
      "version": "10.0.0",
      "resolved": "https://registry.npmjs.org/lru-cache/-/lru-cache-10.0.0.tgz",
      "integrity": "sha512-svTf/fzsKHffP42sujkO/Rjs37BCIsQVRCeNYIm9WN8rgT7ffoUnRtZCqU+6BqcSBdv8gwJeTz8knJpgACeQMw=="
    },
    "punycode": {
      "version": "1.4.1",
      "resolved": "https://registry.npmjs.org/punycode/-/punycode-1.4.1.tgz",
      "integrity": "sha512-jmYNElW7yvO7TV33CjSmvSiE2yco3bV2czu/OzDKdMNVZQWfxCblURLhf+47syQRBntjfLdd/H0egrzIG+oaFQ=="
    },
    "require-from-string": {
      "version": "2.0.2",
      "resolved": "https://registry.npmjs.org/require-from-string/-/require-from-string-2.0.2.tgz",
      "integrity": "sha512-Xf0nWe6RseziFMu+Ap9biiUbmplq6S9/p+7w7YXP/JBHhrUDDUhwa+vANyubuqfZWTveU//DYVGsDG7RKL/vEw=="
    },
    "rfdc": {
      "version": "1.3.0",
      "resolved": "https://registry.npmjs.org/rfdc/-/rfdc-1.3.0.tgz",
      "integrity": "sha512-V2hovdzFbOi77/WajaSMXk2OLm+xNIeQdMMuB7icj7bk6zi2F8GGAxigcnDFpJHbNyNcgyJDiP+8nOrY5cZGrA=="
    },
    "streamsearch": {
      "version": "1.1.0",
      "resolved": "https://registry.npmjs.org/streamsearch/-/streamsearch-1.1.0.tgz",
      "integrity": "sha512-Mcc5wHehp9aXz1ax6bZUyY5afg9u2rv5cqQI3mRrYkGC8rW2hM02jWuwjtL++LS5qinSyhj2QfLyNsuc+VsExg=="
    },
    "tslib": {
      "version": "2.6.1",
      "resolved": "https://registry.npmjs.org/tslib/-/tslib-2.6.1.tgz",
      "integrity": "sha512-t0hLfiEKfMUoqhG+U1oid7Pva4bbDPHYfJNiB7BiIjRkj1pyC++4N3huJfqY6aRH6VTB0rvtzQwjM4K6qpfOig=="
    },
    "uri-js": {
      "version": "4.4.1",
      "resolved": "https://registry.npmjs.org/uri-js/-/uri-js-4.4.1.tgz",
      "integrity": "sha512-7rKUyy33Q1yc98pQ1DAmLtwX109F7TIfWlW1Ydo8Wl1ii1SeHieeh0HHfPeL2fMXK6z0s8ecKs9frCuLJvndBg==",
      "requires": {
        "punycode": "^2.1.0"
      },
      "dependencies": {
        "punycode": {
          "version": "2.3.0",
          "resolved": "https://registry.npmjs.org/punycode/-/punycode-2.3.0.tgz",
          "integrity": "sha512-rRV+zQD8tVFys26lAGR9WUuS4iUAngJScM+ZRSKtvl5tKeZ2t5bvdNFdNHBW9FWR4guGHlgmsZ1G7BSm2wTbuA=="
        }
      }
    },
    "urlpattern-polyfill": {
      "version": "9.0.0",
      "resolved": "https://registry.npmjs.org/urlpattern-polyfill/-/urlpattern-polyfill-9.0.0.tgz",
      "integrity": "sha512-WHN8KDQblxd32odxeIgo83rdVDE2bvdkb86it7bMhYZwWKJz0+O0RK/eZiHYnM+zgt/U7hAHOlCQGfjjvSkw2g=="
    },
    "value-or-promise": {
      "version": "1.0.12",
      "resolved": "https://registry.npmjs.org/value-or-promise/-/value-or-promise-1.0.12.tgz",
      "integrity": "sha512-Z6Uz+TYwEqE7ZN50gwn+1LCVo9ZVrpxRPOhOLnncYkY1ZzOYtrX8Fwf/rFktZ8R5mJms6EZf5TqNOMeZmnPq9Q=="
    }
  }
}
